
Microsoft Visual Studio Solution File, Format Version 12.00
# Visual Studio Version 17
VisualStudioVersion = 17.4.33213.308
MinimumVisualStudioVersion = 10.0.40219.1
Project("{9A19103F-16F7-4668-BE54-9A1E7A4F7556}") = "DoorControl.Classes", "DoorControl.Classes\DoorControl.Classes.csproj", "{86583927-BE91-458B-BEE2-C2BDACDCD54B}"
EndProject
Project("{FAE04EC0-301F-11D3-BF4B-00C04F79EFBC}") = "DoorControl.Test.Unit", "DoorControl.Tests\DoorControl.Test.Unit.csproj", "{01153B56-0CB7-4BEE-A43B-68338CE590F3}"
EndProject
Global
	GlobalSection(SolutionConfigurationPlatforms) = preSolution
		Debug|Any CPU = Debug|Any CPU
		Release|Any CPU = Release|Any CPU
	EndGlobalSection
	GlobalSection(ProjectConfigurationPlatforms) = postSolution
		{86583927-BE91-458B-BEE2-C2BDACDCD54B}.Debug|Any CPU.ActiveCfg = Debug|Any CPU
		{86583927-BE91-458B-BEE2-C2BDACDCD54B}.Debug|Any CPU.Build.0 = Debug|Any CPU
		{86583927-BE91-458B-BEE2-C2BDACDCD54B}.Release|Any CPU.ActiveCfg = Release|Any CPU
		{86583927-BE91-458B-BEE2-C2BDACDCD54B}.Release|Any CPU.Build.0 = Release|Any CPU
		{01153B56-0CB7-4BEE-A43B-68338CE590F3}.Debug|Any CPU.ActiveCfg = Debug|Any CPU
		{01153B56-0CB7-4BEE-A43B-68338CE590F3}.Debug|Any CPU.Build.0 = Debug|Any CPU
		{01153B56-0CB7-4BEE-A43B-68338CE590F3}.Release|Any CPU.ActiveCfg = Release|Any CPU
		{01153B56-0CB7-4BEE-A43B-68338CE590F3}.Release|Any CPU.Build.0 = Release|Any CPU
	EndGlobalSection
	GlobalSection(SolutionProperties) = preSolution
		HideSolutionNode = FALSE
	EndGlobalSection
	GlobalSection(ExtensibilityGlobals) = postSolution
		SolutionGuid = {32EBC36F-2281-4F3E-BB2C-C71102CAC4BB}
	EndGlobalSection
EndGlobal
